
Microsoft Visual Studio Solution File, Format Version 12.00
# Visual Studio Version 17
VisualStudioVersion = 17.8.34525.116
MinimumVisualStudioVersion = 10.0.40219.1
Project("{2150E333-8FDC-42A3-9474-1A3956D46DE8}") = "Client", "Client", "{62BB5F3F-5E2E-4415-9FCA-96FB35A8A307}"
EndProject
Project("{2150E333-8FDC-42A3-9474-1A3956D46DE8}") = "Server", "Server", "{B4828D01-9AE9-486B-9E9C-3B57643EAA1A}"
EndProject
Project("{2150E333-8FDC-42A3-9474-1A3956D46DE8}") = "Solution Items", "Solution Items", "{4ED0B89B-B19A-4966-80D7-9263D909EAB1}"
	ProjectSection(SolutionItems) = preProject
		.editorconfig = .editorconfig
	EndProjectSection
EndProject
Project("{9A19103F-16F7-4668-BE54-9A1E7A4F7556}") = "BusinessCard.API", "Server\BusinessCard.API\BusinessCard.API.csproj", "{9DE36E3F-7830-49C1-A6B6-0524028F2314}"
EndProject
Project("{9A19103F-16F7-4668-BE54-9A1E7A4F7556}") = "BusinessCard.Application", "Server\BusinessCard.Application\BusinessCard.Application.csproj", "{65CA486B-767B-4C7F-BAF4-BC505F674CBE}"
EndProject
Project("{9A19103F-16F7-4668-BE54-9A1E7A4F7556}") = "BusinessCard.Domain", "Server\BusinessCard.Domain\BusinessCard.Domain.csproj", "{BE796BE0-4948-42D1-95BA-E8073C7F812C}"
EndProject
Project("{9A19103F-16F7-4668-BE54-9A1E7A4F7556}") = "BusinessCard.Infrastructure", "Server\BusinessCard.Infrastructure\BusinessCard.Infrastructure.csproj", "{CD9E1C86-A411-4EDD-9269-34B7C831B3ED}"
EndProject
Project("{54A90642-561A-4BB1-A94E-469ADEE60C69}") = "business-card", "Client\businesscard.client\business-card.esproj", "{E44EC9DC-968B-4DF2-A4D9-35D5C0BC460A}"
EndProject
Project("{9A19103F-16F7-4668-BE54-9A1E7A4F7556}") = "BussinessCard.API.UnitTesting", "Server\BussinessCard.API.UnitTesting\BussinessCard.API.UnitTesting.csproj", "{61D7477C-D5B3-46ED-816D-C315AF789093}"
EndProject
Global
	GlobalSection(SolutionConfigurationPlatforms) = preSolution
		Debug|Any CPU = Debug|Any CPU
		Release|Any CPU = Release|Any CPU
	EndGlobalSection
	GlobalSection(ProjectConfigurationPlatforms) = postSolution
		{9DE36E3F-7830-49C1-A6B6-0524028F2314}.Debug|Any CPU.ActiveCfg = Debug|Any CPU
		{9DE36E3F-7830-49C1-A6B6-0524028F2314}.Debug|Any CPU.Build.0 = Debug|Any CPU
		{9DE36E3F-7830-49C1-A6B6-0524028F2314}.Release|Any CPU.ActiveCfg = Release|Any CPU
		{9DE36E3F-7830-49C1-A6B6-0524028F2314}.Release|Any CPU.Build.0 = Release|Any CPU
		{65CA486B-767B-4C7F-BAF4-BC505F674CBE}.Debug|Any CPU.ActiveCfg = Debug|Any CPU
		{65CA486B-767B-4C7F-BAF4-BC505F674CBE}.Debug|Any CPU.Build.0 = Debug|Any CPU
		{65CA486B-767B-4C7F-BAF4-BC505F674CBE}.Release|Any CPU.ActiveCfg = Release|Any CPU
		{65CA486B-767B-4C7F-BAF4-BC505F674CBE}.Release|Any CPU.Build.0 = Release|Any CPU
		{BE796BE0-4948-42D1-95BA-E8073C7F812C}.Debug|Any CPU.ActiveCfg = Debug|Any CPU
		{BE796BE0-4948-42D1-95BA-E8073C7F812C}.Debug|Any CPU.Build.0 = Debug|Any CPU
		{BE796BE0-4948-42D1-95BA-E8073C7F812C}.Release|Any CPU.ActiveCfg = Release|Any CPU
		{BE796BE0-4948-42D1-95BA-E8073C7F812C}.Release|Any CPU.Build.0 = Release|Any CPU
		{CD9E1C86-A411-4EDD-9269-34B7C831B3ED}.Debug|Any CPU.ActiveCfg = Debug|Any CPU
		{CD9E1C86-A411-4EDD-9269-34B7C831B3ED}.Debug|Any CPU.Build.0 = Debug|Any CPU
		{CD9E1C86-A411-4EDD-9269-34B7C831B3ED}.Release|Any CPU.ActiveCfg = Release|Any CPU
		{CD9E1C86-A411-4EDD-9269-34B7C831B3ED}.Release|Any CPU.Build.0 = Release|Any CPU
		{E44EC9DC-968B-4DF2-A4D9-35D5C0BC460A}.Debug|Any CPU.ActiveCfg = Debug|Any CPU
		{E44EC9DC-968B-4DF2-A4D9-35D5C0BC460A}.Debug|Any CPU.Build.0 = Debug|Any CPU
		{E44EC9DC-968B-4DF2-A4D9-35D5C0BC460A}.Debug|Any CPU.Deploy.0 = Debug|Any CPU
		{E44EC9DC-968B-4DF2-A4D9-35D5C0BC460A}.Release|Any CPU.ActiveCfg = Release|Any CPU
		{E44EC9DC-968B-4DF2-A4D9-35D5C0BC460A}.Release|Any CPU.Build.0 = Release|Any CPU
		{E44EC9DC-968B-4DF2-A4D9-35D5C0BC460A}.Release|Any CPU.Deploy.0 = Release|Any CPU
		{61D7477C-D5B3-46ED-816D-C315AF789093}.Debug|Any CPU.ActiveCfg = Debug|Any CPU
		{61D7477C-D5B3-46ED-816D-C315AF789093}.Debug|Any CPU.Build.0 = Debug|Any CPU
		{61D7477C-D5B3-46ED-816D-C315AF789093}.Release|Any CPU.ActiveCfg = Release|Any CPU
		{61D7477C-D5B3-46ED-816D-C315AF789093}.Release|Any CPU.Build.0 = Release|Any CPU
	EndGlobalSection
	GlobalSection(SolutionProperties) = preSolution
		HideSolutionNode = FALSE
	EndGlobalSection
	GlobalSection(NestedProjects) = preSolution
		{9DE36E3F-7830-49C1-A6B6-0524028F2314} = {B4828D01-9AE9-486B-9E9C-3B57643EAA1A}
		{65CA486B-767B-4C7F-BAF4-BC505F674CBE} = {B4828D01-9AE9-486B-9E9C-3B57643EAA1A}
		{BE796BE0-4948-42D1-95BA-E8073C7F812C} = {B4828D01-9AE9-486B-9E9C-3B57643EAA1A}
		{CD9E1C86-A411-4EDD-9269-34B7C831B3ED} = {B4828D01-9AE9-486B-9E9C-3B57643EAA1A}
		{E44EC9DC-968B-4DF2-A4D9-35D5C0BC460A} = {62BB5F3F-5E2E-4415-9FCA-96FB35A8A307}
		{61D7477C-D5B3-46ED-816D-C315AF789093} = {B4828D01-9AE9-486B-9E9C-3B57643EAA1A}
	EndGlobalSection
	GlobalSection(ExtensibilityGlobals) = postSolution
		SolutionGuid = {70B3E14E-ED96-4879-8272-12BA94FF9AF2}
	EndGlobalSection
EndGlobal
